PODS:
  - AFNetworking (2.1.0):
    - AFNetworking/NSURLConnection
    - AFNetworking/NSURLSession
    - AFNetworking/Reachability
    - AFNetworking/Security
    - AFNetworking/Serialization
    - AFNetworking/UIKit
  - AFNetworking/NSURLConnection (2.1.0):
    - AFNetworking/Reachability
    - AFNetworking/Security
    - AFNetworking/Serialization
  - AFNetworking/NSURLSession (2.1.0):
    - AFNetworking/NSURLConnection
  - AFNetworking/Reachability (2.1.0)
  - AFNetworking/Security (2.1.0)
  - AFNetworking/Serialization (2.1.0)
  - AFNetworking/UIKit (2.1.0):
    - AFNetworking/NSURLConnection
  - AJNotificationView (0.7)
  - CocoaLumberjack (1.8.0):
    - CocoaLumberjack/Extensions
  - CocoaLumberjack/Core (1.8.0)
  - CocoaLumberjack/Extensions (1.8.0):
    - CocoaLumberjack/Core
  - HockeySDK (3.0.0)
  - MBProgressHUD (0.8)
  - Reachability (3.1.1)
  - SSKeychain (1.2.1)
  - SSToolkit (1.0.4)
  - SVPullToRefresh (0.4.1)

DEPENDENCIES:
  - AFNetworking
  - AJNotificationView
  - CocoaLumberjack
  - HockeySDK (from `Specs/HockeySDK.podspec`)
  - MBProgressHUD
  - Reachability
  - SSKeychain
  - SSToolkit
  - SVPullToRefresh

EXTERNAL SOURCES:
  HockeySDK:
    :podspec: Specs/HockeySDK.podspec

SPEC CHECKSUMS:
  AFNetworking: c7d7901a83f631414c7eda1737261f696101a5cd
  AJNotificationView: 2d69a3105d6f604e041bac46bbe1525650ee74b9
  CocoaLumberjack: 6ed94046d2ca7fde03a73b3d01b8cfc56574b314
  HockeySDK: 2885dd00ccffd0cb10a7e75c9b65c39b9e7f969e
  MBProgressHUD: 2bbc6f470111daf7f3eaa4eb12b8cbf01c4c0622
  Reachability: be4883bb93f31e38266ae3365e5600a317aae735
  SSKeychain: d18926838c2e7cd342e2a49e9f869858e49f035a
  SSToolkit: 689acaedac79c2079e492e528a55bcb5db9d98c4
  SVPullToRefresh: 61a0e4bd12bd6f8e3465909810b0fbeb1a28d5f2

COCOAPODS: 0.29.0
